# THIS IS AN AUTOGENERATED FILE. DO NOT EDIT THIS FILE DIRECTLY.
# yarn lockfile v1


uplot@^1.6.23:
  version "1.6.23"
  resolved "https://registry.yarnpkg.com/uplot/-/uplot-1.6.23.tgz#3fdc341d9806cc15e95618a8d0f4ddfffa9c4ce7"
  integrity sha512-zERH8HUbHE6kYyAqfP58SYuESp9M5jphSrMjsyckAM0DJ8C39SEI19YrpVvTCTLZB5joFUBPOwueRnJCdV2OdQ==
